
Microsoft Visual Studio Solution File, Format Version 12.00
# Visual Studio Version 17
VisualStudioVersion = 17.8.34525.116
MinimumVisualStudioVersion = 10.0.40219.1
Project("{FAE04EC0-301F-11D3-BF4B-00C04F79EFBC}") = "WeatherDashboard.Api.Tests", "WeatherDashboard.Api.Tests\WeatherDashboard.Api.Tests.csproj", "{39D92FF2-99EB-467E-9F6C-36C84D307629}"
EndProject
Project("{FAE04EC0-301F-11D3-BF4B-00C04F79EFBC}") = "WeatherDashboard.Api", "WeatherDashboard.Api\WeatherDashboard.Api.csproj", "{7D930449-02CE-4253-A82C-BABD9DCFF713}"
EndProject
Global
	GlobalSection(SolutionConfigurationPlatforms) = preSolution
		Debug|Any CPU = Debug|Any CPU
		Release|Any CPU = Release|Any CPU
	EndGlobalSection
	GlobalSection(ProjectConfigurationPlatforms) = postSolution
		{39D92FF2-99EB-467E-9F6C-36C84D307629}.Debug|Any CPU.ActiveCfg = Debug|Any CPU
		{39D92FF2-99EB-467E-9F6C-36C84D307629}.Debug|Any CPU.Build.0 = Debug|Any CPU
		{39D92FF2-99EB-467E-9F6C-36C84D307629}.Release|Any CPU.ActiveCfg = Release|Any CPU
		{39D92FF2-99EB-467E-9F6C-36C84D307629}.Release|Any CPU.Build.0 = Release|Any CPU
		{7D930449-02CE-4253-A82C-BABD9DCFF713}.Debug|Any CPU.ActiveCfg = Debug|Any CPU
		{7D930449-02CE-4253-A82C-BABD9DCFF713}.Debug|Any CPU.Build.0 = Debug|Any CPU
		{7D930449-02CE-4253-A82C-BABD9DCFF713}.Release|Any CPU.ActiveCfg = Release|Any CPU
		{7D930449-02CE-4253-A82C-BABD9DCFF713}.Release|Any CPU.Build.0 = Release|Any CPU
	EndGlobalSection
	GlobalSection(SolutionProperties) = preSolution
		HideSolutionNode = FALSE
	EndGlobalSection
	GlobalSection(ExtensibilityGlobals) = postSolution
		SolutionGuid = {B49E9441-8A5C-4C25-977C-53BEB5377852}
	EndGlobalSection
EndGlobal
